[[package]]
name = "certifi"
version = "2020.12.5"
description = "Python package for providing Mozilla's CA Bundle."
category = "main"
optional = false
python-versions = "*"

[[package]]
name = "chardet"
version = "3.0.4"
description = "Universal encoding detector for Python 2 and 3"
category = "main"
optional = false
python-versions = "*"

[[package]]
name = "expects"
version = "0.8.0"
description = "Expressive and extensible TDD/BDD assertion library for Python"
category = "main"
optional = false
python-versions = "*"

[[package]]
name = "idna"
version = "2.6"
description = "Internationalized Domain Names in Applications (IDNA)"
category = "main"
optional = false
python-versions = "*"

[[package]]
name = "junit-xml"
version = "1.8"
description = "Creates JUnit XML test result documents that can be read by tools such as Jenkins"
category = "main"
optional = false
python-versions = "*"

[package.dependencies]
six = "*"

[[package]]
name = "lxml"
version = "4.1.1"
description = "Powerful and Pythonic XML processing library combining libxml2/libxslt with the ElementTree API."
category = "main"
optional = false
python-versions = "*"

[package.extras]
source = ["Cython (>=0.26.1)"]
cssselect = ["cssselect (>=0.7)"]
html5 = ["html5lib"]
htmlsoup = ["beautifulsoup4"]

[[package]]
name = "parameterized"
version = "0.7.0"
description = "Parameterized testing with any Python test framework"
category = "main"
optional = false
python-versions = "*"

[[package]]
name = "pkginfo"
version = "1.7.0"
description = "Query metadatdata from sdists / bdists / installed packages."
category = "main"
optional = false
python-versions = "*"

[package.extras]
testing = ["nose", "coverage"]

[[package]]
name = "pyfakefs"
version = "3.4.3"
description = "pyfakefs implements a fake file system that mocks the Python file system modules."
category = "main"
optional = false
python-versions = "*"

[[package]]
name = "pyyaml"
version = "5.1"
description = "YAML parser and emitter for Python"
category = "main"
optional = false
python-versions = ">=2.7, !=3.0.*, !=3.1.*, !=3.2.*, !=3.3.*"

[[package]]
name = "requests"
version = "2.18.4"
description = "Python HTTP for Humans."
category = "main"
optional = false
python-versions = "*"

[package.dependencies]
idna = ">=2.5,<2.7"
certifi = ">=2017.4.17"
chardet = ">=3.0.2,<3.1.0"
urllib3 = ">=1.21.1,<1.23"

[package.extras]
security = ["cryptography (>=1.3.4)", "idna (>=2.0.0)", "pyOpenSSL (>=0.14)"]
socks = ["PySocks (>=1.5.6,!=1.5.7)", "win-inet-pton"]

[[package]]
name = "requests-toolbelt"
version = "0.9.1"
description = "A utility belt for advanced users of python-requests"
category = "main"
optional = false
python-versions = "*"

[package.dependencies]
requests = ">=2.0.1,<3.0.0"

[[package]]
name = "six"
version = "1.15.0"
description = "Python 2 and 3 compatibility utilities"
category = "main"
optional = false
python-versions = ">=2.7, !=3.0.*, !=3.1.*, !=3.2.*"

[[package]]
name = "tqdm"
version = "4.59.0"
description = "Fast, Extensible Progress Meter"
category = "main"
optional = false
python-versions = "!=3.0.*,!=3.1.*,!=3.2.*,!=3.3.*,>=2.7"

[package.extras]
telegram = ["requests"]
notebook = ["ipywidgets (>=6)"]
dev = ["py-make (>=0.1.0)", "twine", "wheel"]

[[package]]
name = "twin-sister"
version = "4.7.3.0"
description = "Unit test toolkit"
category = "main"
optional = false
python-versions = "*"

[package.dependencies]
unittest-xml-reporting = ">=2.1.1"
twine = ">=1.9.1"
expects = ">=0.8.0"
pyfakefs = ">=3.4.3"

[[package]]
name = "twine"
version = "1.9.1"
description = "Collection of utilities for interacting with PyPI"
category = "main"
optional = false
python-versions = "*"

[package.dependencies]
tqdm = ">=4.11"
pkginfo = ">=1.0"
requests = ">=2.5.0,<2.15 || >2.15,<2.16 || >2.16"
requests-toolbelt = ">=0.8.0"

[package.extras]
keyring = ["keyring"]
with-blake2 = ["pyblake2"]

[[package]]
name = "unittest-xml-reporting"
version = "3.0.4"
description = "unittest-based test runner with Ant/JUnit like XML reporting."
category = "main"
optional = false
python-versions = ">=3.5"

[[package]]
name = "urllib3"
version = "1.22"
description = "HTTP library with thread-safe connection pooling, file post, and more."
category = "main"
optional = false
python-versions = "*"

[package.extras]
secure = ["pyOpenSSL (>=0.14)", "cryptography (>=1.3.4)", "idna (>=2.0.0)", "certifi", "ipaddress"]
socks = ["PySocks (>=1.5.6,!=1.5.7,<2.0)"]

[metadata]
lock-version = "1.1"
python-versions = "^3.6.9"
content-hash = "211036d066000fc89eec5565902a2dcbba84aa3dc9b840ede9dba9ae797fef3e"

[metadata.files]
certifi = [
    {file = "certifi-2020.12.5-py2.py3-none-any.whl", hash = "sha256:719a74fb9e33b9bd44cc7f3a8d94bc35e4049deebe19ba7d8e108280cfd59830"},
    {file = "certifi-2020.12.5.tar.gz", hash = "sha256:1a4995114262bffbc2413b159f2a1a480c969de6e6eb13ee966d470af86af59c"},
]
chardet = [
    {file = "chardet-3.0.4-py2.py3-none-any.whl", hash = "sha256:fc323ffcaeaed0e0a02bf4d117757b98aed530d9ed4531e3e15460124c106691"},
    {file = "chardet-3.0.4.tar.gz", hash = "sha256:84ab92ed1c4d4f16916e05906b6b75a6c0fb5db821cc65e70cbd64a3e2a5eaae"},
]
expects = [
    {file = "expects-0.8.0.tar.gz", hash = "sha256:37538d7b0fa9c0d53e37d07b0e8c07d89754d3deec1f0f8ed1be27f4f10363dd"},
]
idna = [
    {file = "idna-2.6-py2.py3-none-any.whl", hash = "sha256:8c7309c718f94b3a625cb648ace320157ad16ff131ae0af362c9f21b80ef6ec4"},
    {file = "idna-2.6.tar.gz", hash = "sha256:2c6a5de3089009e3da7c5dde64a141dbc8551d5b7f6cf4ed7c2568d0cc520a8f"},
]
junit-xml = [
    {file = "junit-xml-1.8.tar.gz", hash = "sha256:602f1c480a19d64edb452bf7632f76b5f2cb92c1938c6e071dcda8ff9541dc21"},
]
lxml = [
    {file = "lxml-4.1.1-cp27-cp27m-macosx_10_6_intel.macosx_10_9_intel.macosx_10_9_x86_64.macosx_10_10_intel.macosx_10_10_x86_64.whl", hash = "sha256:41f59cbdab232f11680d5d4dec9f2e6782fd24d78e37ee833447702e34e675f4"},
    {file = "lxml-4.1.1-cp27-cp27m-manylinux1_i686.whl", hash = "sha256:e7e41d383f19bab9d57f5f3b18d158655bcd682e7e723f441b9e183e1e35a6b5"},
    {file = "lxml-4.1.1-cp27-cp27m-manylinux1_x86_64.whl", hash = "sha256:155521c337acecf8202091cff85bb9f709f238130ebadf04280fb1db11f5ad8b"},
    {file = "lxml-4.1.1-cp27-cp27m-win32.whl", hash = "sha256:470d7ce41e8047208ba1a376560bad17f1468df1f3097bc83902b26cfafdbb0c"},
    {file = "lxml-4.1.1-cp27-cp27m-win_amd64.whl", hash = "sha256:e608839a5ee2180164424ccf279c8e2d9bbe8816d002c58fd97d6b621ba4aa94"},
    {file = "lxml-4.1.1-cp27-cp27mu-manylinux1_i686.whl", hash = "sha256:d2c985d2460b81c6ca5feb8b86f1bc594ad59405d0bdf68626b85852b701553c"},
    {file = "lxml-4.1.1-cp27-cp27mu-manylinux1_x86_64.whl", hash = "sha256:950e63387514aa1b881eba5ac6cb2ec51a118b3dafe99dd80ca19d8fb0142f30"},
    {file = "lxml-4.1.1-cp33-cp33m-macosx_10_6_x86_64.macosx_10_9_intel.macosx_10_9_x86_64.macosx_10_10_intel.macosx_10_10_x86_64.whl", hash = "sha256:87a66bcadac270fc010cb029022a93fc722bf1204a8b03e782d4c790f0edf7ca"},
    {file = "lxml-4.1.1-cp33-cp33m-manylinux1_i686.whl", hash = "sha256:2dedfeeecc2d5a939cf622602f5a1ce443ca82407f386880f739f1a9f08053ad"},
    {file = "lxml-4.1.1-cp33-cp33m-manylinux1_x86_64.whl", hash = "sha256:ba05732e4bcf59e948f61588851dcf620fd60d5bbd9d704203e5f59bbaa60219"},
    {file = "lxml-4.1.1-cp33-cp33m-win32.whl", hash = "sha256:2190266059fec3c5a55f9d6c30532c64c6d414d3228909c0af573fe4907e78d1"},
    {file = "lxml-4.1.1-cp33-cp33m-win_amd64.whl", hash = "sha256:dd291debfaa535d9cb6cee8d7aca2328775e037d02d13f1634e57f49bc302cc4"},
    {file = "lxml-4.1.1-cp34-cp34m-macosx_10_6_intel.macosx_10_9_intel.macosx_10_9_x86_64.macosx_10_10_intel.macosx_10_10_x86_64.whl", hash = "sha256:29a36e354c39b2e24bc4ee103de53417ebb80f976a6ab9e8d093d559e2ac03e1"},
    {file = "lxml-4.1.1-cp34-cp34m-manylinux1_i686.whl", hash = "sha256:e37427d5a27eefbcfc48847e0b37f348113fac7280bc857421db39ffc6372570"},
    {file = "lxml-4.1.1-cp34-cp34m-manylinux1_x86_64.whl", hash = "sha256:b106d4d2383382399ad82108fd187e92f40b1c90f55c2d36bbcb1c44bcf940fc"},
    {file = "lxml-4.1.1-cp34-cp34m-win32.whl", hash = "sha256:0ee07da52d240f1dc3c83eef5cd5f1b7f018226c1121f2a54d446645779a6d17"},
    {file = "lxml-4.1.1-cp34-cp34m-win_amd64.whl", hash = "sha256:3b33549fb8f91b38a7500078242b03cca513f3412a2cdae722e89bf83f95971d"},
    {file = "lxml-4.1.1-cp35-cp35m-macosx_10_6_intel.macosx_10_9_intel.macosx_10_9_x86_64.macosx_10_10_intel.macosx_10_10_x86_64.whl", hash = "sha256:4c12e90886d9c53ab434c8d0cebea122321cce19614c3c6b6d1a7700d7cc6212"},
    {file = "lxml-4.1.1-cp35-cp35m-manylinux1_i686.whl", hash = "sha256:79322000279cda10b53c374d53ca632ead3bc51c6aebf8e62c8fa93a4d08b750"},
    {file = "lxml-4.1.1-cp35-cp35m-manylinux1_x86_64.whl", hash = "sha256:6cba398eb37e0631e60e0e080c101cfe91769b2c8267105b64b4625e2581ea21"},
    {file = "lxml-4.1.1-cp35-cp35m-win32.whl", hash = "sha256:49a655956f8de69e1258bc0fcfc43eb3bd1e038655784d77d1869b4b81444e37"},
    {file = "lxml-4.1.1-cp35-cp35m-win_amd64.whl", hash = "sha256:af8a5373241d09b8fc53e0490e1719ce5dc90a21b19db89b6596c1adcdd52270"},
    {file = "lxml-4.1.1-cp36-cp36m-macosx_10_6_intel.macosx_10_9_intel.macosx_10_9_x86_64.macosx_10_10_intel.macosx_10_10_x86_64.whl", hash = "sha256:e6b6698415c7e8d227a47a3b1038e1b37c2b438a1b48c2db7ad9e74ddbcd1149"},
    {file = "lxml-4.1.1-cp36-cp36m-manylinux1_i686.whl", hash = "sha256:155c916cf2645b4a8f2bd5d09065e92d1b67b8d464bdc001e0b524af84bedf6f"},
    {file = "lxml-4.1.1-cp36-cp36m-manylinux1_x86_64.whl", hash = "sha256:fa7320679ced5e25b20203d157280680fc84eb783b6cc650cb0c98e1858b7dd3"},
    {file = "lxml-4.1.1-cp36-cp36m-win32.whl", hash = "sha256:4187c4b0cefc3353181db048c51f42c489d9ac51e40b86c4851dc0671372971d"},
    {file = "lxml-4.1.1-cp36-cp36m-win_amd64.whl", hash = "sha256:d5d29663e979e83b3fc361e97200f959cddb3a14797391d15273d84a5a8ae44b"},
    {file = "lxml-4.1.1.tar.gz", hash = "sha256:940caef1ec7c78e0c34b0f6b94fe42d0f2022915ffc78643d28538a5cfd0f40e"},
]
parameterized = [
    {file = "parameterized-0.7.0-py2.py3-none-any.whl", hash = "sha256:020343a281efcfe9b71b9028a91817f981202c14d72104b5a2fbe401dee25a18"},
    {file = "parameterized-0.7.0.tar.gz", hash = "sha256:d8c8837fb677ed2d5a93b9e2308ce0da3aeb58cf513120d501e0b7af14da78d5"},
]
pkginfo = [
    {file = "pkginfo-1.7.0-py2.py3-none-any.whl", hash = "sha256:9fdbea6495622e022cc72c2e5e1b735218e4ffb2a2a69cde2694a6c1f16afb75"},
    {file = "pkginfo-1.7.0.tar.gz", hash = "sha256:029a70cb45c6171c329dfc890cde0879f8c52d6f3922794796e06f577bb03db4"},
]
pyfakefs = [
    {file = "pyfakefs-3.4.3-py2.py3-none-any.whl", hash = "sha256:8312f143b37b014cdd4641ac1f4eac0c47bb881774a3d0be125997133e609a6b"},
    {file = "pyfakefs-3.4.3.tar.gz", hash = "sha256:226e8f141e40c19d10693f8df4968407eb47100705796640ee0dc5990bd6f109"},
]
pyyaml = [
    {file = "PyYAML-5.1-cp27-cp27m-win32.whl", hash = "sha256:460a5a4248763f6f37ea225d19d5c205677d8d525f6a83357ca622ed541830c2"},
    {file = "PyYAML-5.1-cp27-cp27m-win_amd64.whl", hash = "sha256:9372b04a02080752d9e6f990179a4ab840227c6e2ce15b95e1278456664cf2ba"},
    {file = "PyYAML-5.1-cp34-cp34m-win32.whl", hash = "sha256:aee5bab92a176e7cd034e57f46e9df9a9862a71f8f37cad167c6fc74c65f5b4e"},
    {file = "PyYAML-5.1-cp34-cp34m-win_amd64.whl", hash = "sha256:c51f642898c0bacd335fc119da60baae0824f2cde95b0330b56c0553439f0673"},
    {file = "PyYAML-5.1-cp35-cp35m-win32.whl", hash = "sha256:a5dcbebee834eaddf3fa7366316b880ff4062e4bcc9787b78c7fbb4a26ff2dd1"},
    {file = "PyYAML-5.1-cp35-cp35m-win_amd64.whl", hash = "sha256:7a5d3f26b89d688db27822343dfa25c599627bc92093e788956372285c6298ad"},
    {file = "PyYAML-5.1-cp36-cp36m-win32.whl", hash = "sha256:1adecc22f88d38052fb787d959f003811ca858b799590a5eaa70e63dca50308c"},
    {file = "PyYAML-5.1-cp36-cp36m-win_amd64.whl", hash = "sha256:5a22a9c84653debfbf198d02fe592c176ea548cccce47553f35f466e15cf2fd4"},
    {file = "PyYAML-5.1-cp37-cp37m-win32.whl", hash = "sha256:e23d0cc5299223dcc37885dae624f382297717e459ea24053709675a976a3e19"},
    {file = "PyYAML-5.1-cp37-cp37m-win_amd64.whl", hash = "sha256:c68ea4d3ba1705da1e0d85da6684ac657912679a649e8868bd850d2c299cce13"},
    {file = "PyYAML-5.1.tar.gz", hash = "sha256:436bc774ecf7c103814098159fbb84c2715d25980175292c648f2da143909f95"},
]
requests = [
    {file = "requests-2.18.4-py2.py3-none-any.whl", hash = "sha256:6a1b267aa90cac58ac3a765d067950e7dbbf75b1da07e895d1f594193a40a38b"},
    {file = "requests-2.18.4.tar.gz", hash = "sha256:9c443e7324ba5b85070c4a818ade28bfabedf16ea10206da1132edaa6dda237e"},
]
requests-toolbelt = [
    {file = "requests-toolbelt-0.9.1.tar.gz", hash = "sha256:968089d4584ad4ad7c171454f0a5c6dac23971e9472521ea3b6d49d610aa6fc0"},
    {file = "requests_toolbelt-0.9.1-py2.py3-none-any.whl", hash = "sha256:380606e1d10dc85c3bd47bf5a6095f815ec007be7a8b69c878507068df059e6f"},
]
six = [
    {file = "six-1.15.0-py2.py3-none-any.whl", hash = "sha256:8b74bedcbbbaca38ff6d7491d76f2b06b3592611af620f8426e82dddb04a5ced"},
    {file = "six-1.15.0.tar.gz", hash = "sha256:30639c035cdb23534cd4aa2dd52c3bf48f06e5f4a941509c8bafd8ce11080259"},
]
tqdm = [
    {file = "tqdm-4.59.0-py2.py3-none-any.whl", hash = "sha256:9fdf349068d047d4cfbe24862c425883af1db29bcddf4b0eeb2524f6fbdb23c7"},
    {file = "tqdm-4.59.0.tar.gz", hash = "sha256:d666ae29164da3e517fcf125e41d4fe96e5bb375cd87ff9763f6b38b5592fe33"},
]
twin-sister = [
    {file = "twin_sister-4.7.3.0-py3-none-any.whl", hash = "sha256:b6340b635a4f3f1ffeb8871260e8cf0ffe37f5e57522c609bd30d6316ccdd9cd"},
    {file = "twin_sister-4.7.3.0.tar.gz", hash = "sha256:edae6913c8a8a301fbe960d259ab179756e8661bd3eaec1f596e8e1779d495ef"},
]
twine = [
    {file = "twine-1.9.1-py2.py3-none-any.whl", hash = "sha256:d3ce5c480c22ccfb761cd358526e862b32546d2fe4bc93d46b5cf04ea3cc46ca"},
    {file = "twine-1.9.1.tar.gz", hash = "sha256:caa45b7987fc96321258cd7668e3be2ff34064f5c66d2d975b641adca659c1ab"},
]
unittest-xml-reporting = [
    {file = "unittest-xml-reporting-3.0.4.tar.gz", hash = "sha256:984cebba69e889401bfe3adb9088ca376b3a1f923f0590d005126c1bffd1a695"},
    {file = "unittest_xml_reporting-3.0.4-py2.py3-none-any.whl", hash = "sha256:7bf515ea8cb244255a25100cd29db611a73f8d3d0aaf672ed3266307e14cc1ca"},
]
urllib3 = [
    {file = "urllib3-1.22-py2.py3-none-any.whl", hash = "sha256:06330f386d6e4b195fbfc736b297f58c5a892e4440e54d294d7004e3a9bbea1b"},
    {file = "urllib3-1.22.tar.gz", hash = "sha256:cc44da8e1145637334317feebd728bd869a35285b93cbb4cca2577da7e62db4f"},
]
